
Microsoft Visual Studio Solution File, Format Version 12.00
# Visual Studio Version 16
VisualStudioVersion = 16.0.31112.23
MinimumVisualStudioVersion = 10.0.40219.1
Project("{FAE04EC0-301F-11D3-BF4B-00C04F79EFBC}") = "Todo List", "Todo List\Todo List.csproj", "{CFFB3258-E1DA-41BB-BF3A-D9F29F05DCB4}"
EndProject
Global
	GlobalSection(SolutionConfigurationPlatforms) = preSolution
		Debug|Any CPU = Debug|Any CPU
		Release|Any CPU = Release|Any CPU
	EndGlobalSection
	GlobalSection(ProjectConfigurationPlatforms) = postSolution
		{CFFB3258-E1DA-41BB-BF3A-D9F29F05DCB4}.Debug|Any CPU.ActiveCfg = Debug|Any CPU
		{CFFB3258-E1DA-41BB-BF3A-D9F29F05DCB4}.Debug|Any CPU.Build.0 = Debug|Any CPU
		{CFFB3258-E1DA-41BB-BF3A-D9F29F05DCB4}.Release|Any CPU.ActiveCfg = Release|Any CPU
		{CFFB3258-E1DA-41BB-BF3A-D9F29F05DCB4}.Release|Any CPU.Build.0 = Release|Any CPU
	EndGlobalSection
	GlobalSection(SolutionProperties) = preSolution
		HideSolutionNode = FALSE
	EndGlobalSection
	GlobalSection(ExtensibilityGlobals) = postSolution
		SolutionGuid = {F3E66E46-FF2B-415B-AE2A-6FDD38076594}
	EndGlobalSection
EndGlobal
